
Microsoft Visual Studio Solution File, Format Version 12.00
# Visual Studio Version 17
VisualStudioVersion = 17.11.35327.3
MinimumVisualStudioVersion = 10.0.40219.1
Project("{9A19103F-16F7-4668-BE54-9A1E7A4F7556}") = "LoadDWVentas.Data", "LoadDWVentas.Data\LoadDWVentas.Data.csproj", "{E90C4BBB-615F-4BF9-9B36-9475AD0307ED}"
EndProject
Project("{9A19103F-16F7-4668-BE54-9A1E7A4F7556}") = "LoadDWVentas.WorkerService", "LoadDWVentas.WorkerService\LoadDWVentas.WorkerService.csproj", "{B4618D50-97FA-416F-8DAB-BA999FC2EB26}"
EndProject
Global
	GlobalSection(SolutionConfigurationPlatforms) = preSolution
		Debug|Any CPU = Debug|Any CPU
		Release|Any CPU = Release|Any CPU
	EndGlobalSection
	GlobalSection(ProjectConfigurationPlatforms) = postSolution
		{E90C4BBB-615F-4BF9-9B36-9475AD0307ED}.Debug|Any CPU.ActiveCfg = Debug|Any CPU
		{E90C4BBB-615F-4BF9-9B36-9475AD0307ED}.Debug|Any CPU.Build.0 = Debug|Any CPU
		{E90C4BBB-615F-4BF9-9B36-9475AD0307ED}.Release|Any CPU.ActiveCfg = Release|Any CPU
		{E90C4BBB-615F-4BF9-9B36-9475AD0307ED}.Release|Any CPU.Build.0 = Release|Any CPU
		{B4618D50-97FA-416F-8DAB-BA999FC2EB26}.Debug|Any CPU.ActiveCfg = Debug|Any CPU
		{B4618D50-97FA-416F-8DAB-BA999FC2EB26}.Debug|Any CPU.Build.0 = Debug|Any CPU
		{B4618D50-97FA-416F-8DAB-BA999FC2EB26}.Release|Any CPU.ActiveCfg = Release|Any CPU
		{B4618D50-97FA-416F-8DAB-BA999FC2EB26}.Release|Any CPU.Build.0 = Release|Any CPU
	EndGlobalSection
	GlobalSection(SolutionProperties) = preSolution
		HideSolutionNode = FALSE
	EndGlobalSection
	GlobalSection(ExtensibilityGlobals) = postSolution
		SolutionGuid = {5C4E98F6-C574-4BCE-B0D8-3368EB71AAED}
	EndGlobalSection
EndGlobal
